
Microsoft Visual Studio Solution File, Format Version 12.00
# Visual Studio 15
VisualStudioVersion = 15.0.27130.2036
MinimumVisualStudioVersion = 10.0.40219.1
Project("{FAE04EC0-301F-11D3-BF4B-00C04F79EFBC}") = "task_DEV-4", "task_DEV-4.csproj", "{DBF56569-22DB-4935-B920-54FB1F2EFCD5}"
EndProject
Global
	GlobalSection(SolutionConfigurationPlatforms) = preSolution
		Debug|Any CPU = Debug|Any CPU
		Release|Any CPU = Release|Any CPU
	EndGlobalSection
	GlobalSection(ProjectConfigurationPlatforms) = postSolution
		{DBF56569-22DB-4935-B920-54FB1F2EFCD5}.Debug|Any CPU.ActiveCfg = Debug|Any CPU
		{DBF56569-22DB-4935-B920-54FB1F2EFCD5}.Debug|Any CPU.Build.0 = Debug|Any CPU
		{DBF56569-22DB-4935-B920-54FB1F2EFCD5}.Release|Any CPU.ActiveCfg = Release|Any CPU
		{DBF56569-22DB-4935-B920-54FB1F2EFCD5}.Release|Any CPU.Build.0 = Release|Any CPU
	EndGlobalSection
	GlobalSection(SolutionProperties) = preSolution
		HideSolutionNode = FALSE
	EndGlobalSection
	GlobalSection(ExtensibilityGlobals) = postSolution
		SolutionGuid = {6E46C3A6-978A-4E7C-9EB1-53DF9B4AE5C2}
	EndGlobalSection
EndGlobal
