
Microsoft Visual Studio Solution File, Format Version 12.00
# Visual Studio 15
VisualStudioVersion = 15.0.27130.2036
MinimumVisualStudioVersion = 10.0.40219.1
Project("{FAE04EC0-301F-11D3-BF4B-00C04F79EFBC}") = "Saturday_20.10.18", "Saturday_20.10.18\Saturday_20.10.18.csproj", "{3B1DB243-5F77-4606-AB38-C68444E06A37}"
EndProject
Global
	GlobalSection(SolutionConfigurationPlatforms) = preSolution
		Debug|Any CPU = Debug|Any CPU
		Release|Any CPU = Release|Any CPU
	EndGlobalSection
	GlobalSection(ProjectConfigurationPlatforms) = postSolution
		{3B1DB243-5F77-4606-AB38-C68444E06A37}.Debug|Any CPU.ActiveCfg = Debug|Any CPU
		{3B1DB243-5F77-4606-AB38-C68444E06A37}.Debug|Any CPU.Build.0 = Debug|Any CPU
		{3B1DB243-5F77-4606-AB38-C68444E06A37}.Release|Any CPU.ActiveCfg = Release|Any CPU
		{3B1DB243-5F77-4606-AB38-C68444E06A37}.Release|Any CPU.Build.0 = Release|Any CPU
	EndGlobalSection
	GlobalSection(SolutionProperties) = preSolution
		HideSolutionNode = FALSE
	EndGlobalSection
	GlobalSection(ExtensibilityGlobals) = postSolution
		SolutionGuid = {6245D02F-8E84-4020-9A0F-FA0E1AC4758F}
	EndGlobalSection
EndGlobal
