
Microsoft Visual Studio Solution File, Format Version 12.00
# Visual Studio 15
VisualStudioVersion = 15.0.27130.2036
MinimumVisualStudioVersion = 10.0.40219.1
Project("{FAE04EC0-301F-11D3-BF4B-00C04F79EFBC}") = "task_DEV-3", "task_DEV-3.csproj", "{F64DC9A6-E134-49C5-8280-3B8F924770F8}"
EndProject
Global
	GlobalSection(SolutionConfigurationPlatforms) = preSolution
		Debug|Any CPU = Debug|Any CPU
		Release|Any CPU = Release|Any CPU
	EndGlobalSection
	GlobalSection(ProjectConfigurationPlatforms) = postSolution
		{F64DC9A6-E134-49C5-8280-3B8F924770F8}.Debug|Any CPU.ActiveCfg = Debug|Any CPU
		{F64DC9A6-E134-49C5-8280-3B8F924770F8}.Debug|Any CPU.Build.0 = Debug|Any CPU
		{F64DC9A6-E134-49C5-8280-3B8F924770F8}.Release|Any CPU.ActiveCfg = Release|Any CPU
		{F64DC9A6-E134-49C5-8280-3B8F924770F8}.Release|Any CPU.Build.0 = Release|Any CPU
	EndGlobalSection
	GlobalSection(SolutionProperties) = preSolution
		HideSolutionNode = FALSE
	EndGlobalSection
	GlobalSection(ExtensibilityGlobals) = postSolution
		SolutionGuid = {A3958F12-D8C2-4B65-8534-0E3BA713C756}
	EndGlobalSection
EndGlobal
